{
  "name": "tentacle",
  "version": "0.1.0",
  "lockfileVersion": 2,
  "requires": true,
  "packages": {
    "": {
      "name": "tentacle",
      "version": "0.1.0",
      "license": "MIT",
      "dependencies": {
        "@solidjs/router": "0.5.1",
        "@tauri-apps/api": "1.2.0",
        "birpc": "0.2.3",
        "nprogress": "0.2.0",
        "solid-js": "1.6.2",
        "sqlite3": "5.1.2"
      },
      "devDependencies": {
        "@tauri-apps/cli": "1.2.1",
        "@types/